
Microsoft Visual Studio Solution File, Format Version 12.00
# Visual Studio Version 16
VisualStudioVersion = 16.0.28803.916
MinimumVisualStudioVersion = 10.0.40219.1
Project("{FAE04EC0-301F-11D3-BF4B-00C04F79EFBC}") = "HangmanGame1", "HangmanGame1\HangmanGame1.csproj", "{F0AEDF51-FAA4-48FC-B4EA-12DD0463E7D0}"
EndProject
Global
	GlobalSection(SolutionConfigurationPlatforms) = preSolution
		Debug|Any CPU = Debug|Any CPU
		Release|Any CPU = Release|Any CPU
	EndGlobalSection
	GlobalSection(ProjectConfigurationPlatforms) = postSolution
		{F0AEDF51-FAA4-48FC-B4EA-12DD0463E7D0}.Debug|Any CPU.ActiveCfg = Debug|Any CPU
		{F0AEDF51-FAA4-48FC-B4EA-12DD0463E7D0}.Debug|Any CPU.Build.0 = Debug|Any CPU
		{F0AEDF51-FAA4-48FC-B4EA-12DD0463E7D0}.Release|Any CPU.ActiveCfg = Release|Any CPU
		{F0AEDF51-FAA4-48FC-B4EA-12DD0463E7D0}.Release|Any CPU.Build.0 = Release|Any CPU
	EndGlobalSection
	GlobalSection(SolutionProperties) = preSolution
		HideSolutionNode = FALSE
	EndGlobalSection
	GlobalSection(ExtensibilityGlobals) = postSolution
		SolutionGuid = {28C705D8-5F70-44EC-A1AF-DF99A3506BE9}
	EndGlobalSection
EndGlobal
